
Microsoft Visual Studio Solution File, Format Version 12.00
# Visual Studio Version 17
VisualStudioVersion = 17.3.32929.385
MinimumVisualStudioVersion = 10.0.40219.1
Project("{FAE04EC0-301F-11D3-BF4B-00C04F79EFBC}") = "WebEscuelaMVCc", "WebEscuelaMVCc\WebEscuelaMVCc.csproj", "{FFA3270E-9EED-4364-85E6-63EB9C2C4FDA}"
EndProject
Global
	GlobalSection(SolutionConfigurationPlatforms) = preSolution
		Debug|Any CPU = Debug|Any CPU
		Release|Any CPU = Release|Any CPU
	EndGlobalSection
	GlobalSection(ProjectConfigurationPlatforms) = postSolution
		{FFA3270E-9EED-4364-85E6-63EB9C2C4FDA}.Debug|Any CPU.ActiveCfg = Debug|Any CPU
		{FFA3270E-9EED-4364-85E6-63EB9C2C4FDA}.Debug|Any CPU.Build.0 = Debug|Any CPU
		{FFA3270E-9EED-4364-85E6-63EB9C2C4FDA}.Release|Any CPU.ActiveCfg = Release|Any CPU
		{FFA3270E-9EED-4364-85E6-63EB9C2C4FDA}.Release|Any CPU.Build.0 = Release|Any CPU
	EndGlobalSection
	GlobalSection(SolutionProperties) = preSolution
		HideSolutionNode = FALSE
	EndGlobalSection
	GlobalSection(ExtensibilityGlobals) = postSolution
		SolutionGuid = {25BBA038-2197-49A1-B853-BF9778F033C3}
	EndGlobalSection
EndGlobal
